
Microsoft Visual Studio Solution File, Format Version 11.00
# Visual Studio 2010
Project("{FAE04EC0-301F-11D3-BF4B-00C04F79EFBC}") = "DAL", "DAL\DAL.csproj", "{2367F75D-C970-4416-800A-B9C39259A23E}"
EndProject
Project("{FAE04EC0-301F-11D3-BF4B-00C04F79EFBC}") = "GUI", "GUI\GUI.csproj", "{B59A8F87-2886-44B0-827A-E24DE9B56666}"
EndProject
Project("{FAE04EC0-301F-11D3-BF4B-00C04F79EFBC}") = "GDI", "GDI\GDI.csproj", "{D6264175-2DB7-4CA8-B7DC-CA21FC624878}"
EndProject
Project("{FAE04EC0-301F-11D3-BF4B-00C04F79EFBC}") = "Igrica", "Igrica\Igrica.csproj", "{F0219369-56B1-4DA0-A4C8-18047027764E}"
EndProject
Global
	GlobalSection(SolutionConfigurationPlatforms) = preSolution
		Debug|Any CPU = Debug|Any CPU
		Debug|Mixed Platforms = Debug|Mixed Platforms
		Debug|x86 = Debug|x86
		Release|Any CPU = Release|Any CPU
		Release|Mixed Platforms = Release|Mixed Platforms
		Release|x86 = Release|x86
	EndGlobalSection
	GlobalSection(ProjectConfigurationPlatforms) = postSolution
		{2367F75D-C970-4416-800A-B9C39259A23E}.Debug|Any CPU.ActiveCfg = Debug|Any CPU
		{2367F75D-C970-4416-800A-B9C39259A23E}.Debug|Any CPU.Build.0 = Debug|Any CPU
		{2367F75D-C970-4416-800A-B9C39259A23E}.Debug|Mixed Platforms.ActiveCfg = Debug|Any CPU
		{2367F75D-C970-4416-800A-B9C39259A23E}.Debug|Mixed Platforms.Build.0 = Debug|Any CPU
		{2367F75D-C970-4416-800A-B9C39259A23E}.Debug|x86.ActiveCfg = Debug|Any CPU
		{2367F75D-C970-4416-800A-B9C39259A23E}.Release|Any CPU.ActiveCfg = Release|Any CPU
		{2367F75D-C970-4416-800A-B9C39259A23E}.Release|Any CPU.Build.0 = Release|Any CPU
		{2367F75D-C970-4416-800A-B9C39259A23E}.Release|Mixed Platforms.ActiveCfg = Release|Any CPU
		{2367F75D-C970-4416-800A-B9C39259A23E}.Release|Mixed Platforms.Build.0 = Release|Any CPU
		{2367F75D-C970-4416-800A-B9C39259A23E}.Release|x86.ActiveCfg = Release|Any CPU
		{B59A8F87-2886-44B0-827A-E24DE9B56666}.Debug|Any CPU.ActiveCfg = Debug|x86
		{B59A8F87-2886-44B0-827A-E24DE9B56666}.Debug|Mixed Platforms.ActiveCfg = Debug|x86
		{B59A8F87-2886-44B0-827A-E24DE9B56666}.Debug|Mixed Platforms.Build.0 = Debug|x86
		{B59A8F87-2886-44B0-827A-E24DE9B56666}.Debug|x86.ActiveCfg = Debug|x86
		{B59A8F87-2886-44B0-827A-E24DE9B56666}.Debug|x86.Build.0 = Debug|x86
		{B59A8F87-2886-44B0-827A-E24DE9B56666}.Release|Any CPU.ActiveCfg = Release|x86
		{B59A8F87-2886-44B0-827A-E24DE9B56666}.Release|Mixed Platforms.ActiveCfg = Release|x86
		{B59A8F87-2886-44B0-827A-E24DE9B56666}.Release|Mixed Platforms.Build.0 = Release|x86
		{B59A8F87-2886-44B0-827A-E24DE9B56666}.Release|x86.ActiveCfg = Release|x86
		{B59A8F87-2886-44B0-827A-E24DE9B56666}.Release|x86.Build.0 = Release|x86
		{D6264175-2DB7-4CA8-B7DC-CA21FC624878}.Debug|Any CPU.ActiveCfg = Debug|x86
		{D6264175-2DB7-4CA8-B7DC-CA21FC624878}.Debug|Mixed Platforms.ActiveCfg = Debug|x86
		{D6264175-2DB7-4CA8-B7DC-CA21FC624878}.Debug|Mixed Platforms.Build.0 = Debug|x86
		{D6264175-2DB7-4CA8-B7DC-CA21FC624878}.Debug|x86.ActiveCfg = Debug|x86
		{D6264175-2DB7-4CA8-B7DC-CA21FC624878}.Debug|x86.Build.0 = Debug|x86
		{D6264175-2DB7-4CA8-B7DC-CA21FC624878}.Release|Any CPU.ActiveCfg = Release|x86
		{D6264175-2DB7-4CA8-B7DC-CA21FC624878}.Release|Mixed Platforms.ActiveCfg = Release|x86
		{D6264175-2DB7-4CA8-B7DC-CA21FC624878}.Release|Mixed Platforms.Build.0 = Release|x86
		{D6264175-2DB7-4CA8-B7DC-CA21FC624878}.Release|x86.ActiveCfg = Release|x86
		{D6264175-2DB7-4CA8-B7DC-CA21FC624878}.Release|x86.Build.0 = Release|x86
		{F0219369-56B1-4DA0-A4C8-18047027764E}.Debug|Any CPU.ActiveCfg = Debug|x86
		{F0219369-56B1-4DA0-A4C8-18047027764E}.Debug|Mixed Platforms.ActiveCfg = Debug|x86
		{F0219369-56B1-4DA0-A4C8-18047027764E}.Debug|Mixed Platforms.Build.0 = Debug|x86
		{F0219369-56B1-4DA0-A4C8-18047027764E}.Debug|x86.ActiveCfg = Debug|x86
		{F0219369-56B1-4DA0-A4C8-18047027764E}.Debug|x86.Build.0 = Debug|x86
		{F0219369-56B1-4DA0-A4C8-18047027764E}.Release|Any CPU.ActiveCfg = Release|x86
		{F0219369-56B1-4DA0-A4C8-18047027764E}.Release|Mixed Platforms.ActiveCfg = Release|x86
		{F0219369-56B1-4DA0-A4C8-18047027764E}.Release|Mixed Platforms.Build.0 = Release|x86
		{F0219369-56B1-4DA0-A4C8-18047027764E}.Release|x86.ActiveCfg = Release|x86
		{F0219369-56B1-4DA0-A4C8-18047027764E}.Release|x86.Build.0 = Release|x86
	EndGlobalSection
	GlobalSection(SolutionProperties) = preSolution
		HideSolutionNode = FALSE
	EndGlobalSection
EndGlobal
